
Microsoft Visual Studio Solution File, Format Version 12.00
# Visual Studio 15
VisualStudioVersion = 15.0.28307.645
MinimumVisualStudioVersion = 10.0.40219.1
Project("{FAE04EC0-301F-11D3-BF4B-00C04F79EFBC}") = "hm_05_Task1", "hm_05_Task5\hm_05_Task1.csproj", "{0AC09A52-BE92-428E-A067-87D959962E00}"
EndProject
Project("{FAE04EC0-301F-11D3-BF4B-00C04F79EFBC}") = "hm_05_Task2", "hm_05_Task2\hm_05_Task2.csproj", "{018CF2DC-D31E-4093-A8A2-0FE3BAD7A566}"
EndProject
Global
	GlobalSection(SolutionConfigurationPlatforms) = preSolution
		Debug|Any CPU = Debug|Any CPU
		Release|Any CPU = Release|Any CPU
	EndGlobalSection
	GlobalSection(ProjectConfigurationPlatforms) = postSolution
		{0AC09A52-BE92-428E-A067-87D959962E00}.Debug|Any CPU.ActiveCfg = Debug|Any CPU
		{0AC09A52-BE92-428E-A067-87D959962E00}.Debug|Any CPU.Build.0 = Debug|Any CPU
		{0AC09A52-BE92-428E-A067-87D959962E00}.Release|Any CPU.ActiveCfg = Release|Any CPU
		{0AC09A52-BE92-428E-A067-87D959962E00}.Release|Any CPU.Build.0 = Release|Any CPU
		{018CF2DC-D31E-4093-A8A2-0FE3BAD7A566}.Debug|Any CPU.ActiveCfg = Debug|Any CPU
		{018CF2DC-D31E-4093-A8A2-0FE3BAD7A566}.Debug|Any CPU.Build.0 = Debug|Any CPU
		{018CF2DC-D31E-4093-A8A2-0FE3BAD7A566}.Release|Any CPU.ActiveCfg = Release|Any CPU
		{018CF2DC-D31E-4093-A8A2-0FE3BAD7A566}.Release|Any CPU.Build.0 = Release|Any CPU
	EndGlobalSection
	GlobalSection(SolutionProperties) = preSolution
		HideSolutionNode = FALSE
	EndGlobalSection
	GlobalSection(ExtensibilityGlobals) = postSolution
		SolutionGuid = {22BB2CCD-8002-424A-8502-40431ABE43D6}
	EndGlobalSection
EndGlobal
